
Microsoft Visual Studio Solution File, Format Version 12.00
# Visual Studio Version 17
VisualStudioVersion = 17.4.33122.133
MinimumVisualStudioVersion = 10.0.40219.1
Project("{2150E333-8FDC-42A3-9474-1A3956D46DE8}") = "1 - Hexagonal", "1 - Hexagonal", "{50CEFCBE-1961-4352-9B5C-7108597FD19D}"
EndProject
Project("{2150E333-8FDC-42A3-9474-1A3956D46DE8}") = "Application", "Application", "{FF792682-E37B-4BAB-A9E0-211F69B67A5F}"
EndProject
Project("{2150E333-8FDC-42A3-9474-1A3956D46DE8}") = "Infrastructure", "Infrastructure", "{3C12DEFC-FC8C-4F51-AFC7-13A329B1C511}"
EndProject
Project("{2150E333-8FDC-42A3-9474-1A3956D46DE8}") = "In", "In", "{C6EEB70F-A5F7-44A7-9523-478F248CC610}"
EndProject
Project("{2150E333-8FDC-42A3-9474-1A3956D46DE8}") = "Out", "Out", "{39C2CD6B-87F5-4408-B2F1-B843B1FD535B}"
EndProject
Project("{2150E333-8FDC-42A3-9474-1A3956D46DE8}") = "InvesionOfControl", "InvesionOfControl", "{C74B4E6C-45D8-49F6-A764-650B1977948C}"
EndProject
Project("{9A19103F-16F7-4668-BE54-9A1E7A4F7556}") = "DTI.KTArquiteturasShop.Hexagonal.Infra.In.Tests", "hexagonal\infraestructure\in\DTI.KTArquiteturasShop.Hexagonal.Infra.In.Tests\DTI.KTArquiteturasShop.Hexagonal.Infra.In.Tests.csproj", "{328C8340-062B-484A-A99D-4EA1DD5D3E90}"
EndProject
Project("{9A19103F-16F7-4668-BE54-9A1E7A4F7556}") = "DTI.KTArquiteturasShop.Hexagonal.Infra.InversionOfControl", "hexagonal\infraestructure\DTI.KTArquiteturasShop.Hexagonal.Infra.InversionOfControl\DTI.KTArquiteturasShop.Hexagonal.Infra.InversionOfControl.csproj", "{46E625E8-7653-481F-97AA-A2016AF8085E}"
EndProject
Project("{9A19103F-16F7-4668-BE54-9A1E7A4F7556}") = "DTI.KTArquiteturasShop.Hexagonal.Infra.Out.FakeAccessData", "hexagonal\infraestructure\out\DTI.KTArquiteturasShop.Hexagonal.Infra.Out.FakeAccessData\DTI.KTArquiteturasShop.Hexagonal.Infra.Out.FakeAccessData.csproj", "{3E886E39-BB2B-4725-A9E4-055FC996F733}"
EndProject
Project("{9A19103F-16F7-4668-BE54-9A1E7A4F7556}") = "DTI.KTArquiteturasShop.Hexagonal.Application", "hexagonal\application\DTI.KTArquiteturasShop.Hexagonal.Application\DTI.KTArquiteturasShop.Hexagonal.Application.csproj", "{8CC5F333-4B27-48BC-9C5C-A1B18113379A}"
EndProject
Project("{9A19103F-16F7-4668-BE54-9A1E7A4F7556}") = "DTI.KTArquiteturasShop.Hexagonal.Infra.Out.SqlAccessData", "hexagonal\infraestructure\out\DTI.KTArquiteturasShop.Hexagonal.Infra.Out.SqlAccessData\DTI.KTArquiteturasShop.Hexagonal.Infra.Out.SqlAccessData.csproj", "{044B38A7-243E-4C54-A78B-9A4148E29EA1}"
EndProject
Project("{9A19103F-16F7-4668-BE54-9A1E7A4F7556}") = "DTI.KTArquiteturasShop.Hexagonal.Infra.In.WebApi", "hexagonal\infraestructure\in\DTI.KTArquiteturasShop.Hexagonal.Infra.In.WebApi\DTI.KTArquiteturasShop.Hexagonal.Infra.In.WebApi.csproj", "{0AF97C6A-DCF5-489E-A440-C7E42AD802A9}"
EndProject
Project("{2150E333-8FDC-42A3-9474-1A3956D46DE8}") = "Solution Items", "Solution Items", "{FD2DA55C-787F-4757-AFF7-A3B084B2006C}"
	ProjectSection(SolutionItems) = preProject
		.editorconfig = .editorconfig
	EndProjectSection
EndProject
Project("{2150E333-8FDC-42A3-9474-1A3956D46DE8}") = "2 - Clean", "2 - Clean", "{79E462CC-8F1C-440C-8FF0-A3FF951B8C53}"
EndProject
Project("{2150E333-8FDC-42A3-9474-1A3956D46DE8}") = "1 - Core", "1 - Core", "{CA5E76DD-57A6-46B2-93C4-4EC770FF3556}"
EndProject
Project("{2150E333-8FDC-42A3-9474-1A3956D46DE8}") = "2 - BackOfficeService", "2 - BackOfficeService", "{F7F57793-9794-47F1-BD47-A9890C39505D}"
EndProject
Project("{2150E333-8FDC-42A3-9474-1A3956D46DE8}") = "1 - Domain", "1 - Domain", "{33428B46-361B-4E51-ACAB-B22393ED3254}"
EndProject
Project("{2150E333-8FDC-42A3-9474-1A3956D46DE8}") = "2 - Application", "2 - Application", "{55A1562A-5430-4C51-9F6F-45B88B79D747}"
EndProject
Project("{2150E333-8FDC-42A3-9474-1A3956D46DE8}") = "3 - Infrastructure", "3 - Infrastructure", "{566BBE30-9FFB-412B-A789-BFB47D26A9D2}"
EndProject
Project("{2150E333-8FDC-42A3-9474-1A3956D46DE8}") = "3.1 In", "3.1 In", "{2C3B8AB5-04A6-44EB-BCCC-FA00D42078CC}"
EndProject
Project("{2150E333-8FDC-42A3-9474-1A3956D46DE8}") = "3.2 Out", "3.2 Out", "{46BBF91D-B6C9-4AF1-9295-B713C9DDF3E6}"
EndProject
Project("{2150E333-8FDC-42A3-9474-1A3956D46DE8}") = "3.0 IoC", "3.0 IoC", "{FEEBACA8-FB60-489B-A7EE-A7309D3F40CB}"
EndProject
Project("{2150E333-8FDC-42A3-9474-1A3956D46DE8}") = "1 - Domain", "1 - Domain", "{07A1FF72-314B-464D-B11F-5859856D3783}"
EndProject
Project("{2150E333-8FDC-42A3-9474-1A3956D46DE8}") = "2 - Application", "2 - Application", "{012A22D9-28F3-4478-B56D-9E070E039A39}"
EndProject
Project("{2150E333-8FDC-42A3-9474-1A3956D46DE8}") = "3 - Infrastructure", "3 - Infrastructure", "{15650731-ACEF-4C7C-94F3-0CEC3D786035}"
EndProject
Project("{2150E333-8FDC-42A3-9474-1A3956D46DE8}") = "3 - CatalogService", "3 - CatalogService", "{31665E8F-EA7F-4EE3-9830-CA9472EE5348}"
EndProject
Project("{2150E333-8FDC-42A3-9474-1A3956D46DE8}") = "1 - Domain", "1 - Domain", "{9C84045D-D5DB-4C56-BCFF-DE5E5A3E47B4}"
EndProject
Project("{2150E333-8FDC-42A3-9474-1A3956D46DE8}") = "2 - Application", "2 - Application", "{4B7175AD-53CF-4031-9B32-08A6194AFBBE}"
EndProject
Project("{2150E333-8FDC-42A3-9474-1A3956D46DE8}") = "3 - Infrastructure", "3 - Infrastructure", "{1CFF7C06-B0F6-44F2-A8BF-58AD1C5AC2D1}"
EndProject
Project("{9A19103F-16F7-4668-BE54-9A1E7A4F7556}") = "DTI.KTArquiteturasShopClean.Core.Domain", "clean\core\domain\DTI.KTArquiteturasShopClean.Core.Domain\DTI.KTArquiteturasShopClean.Core.Domain.csproj", "{040EE57F-32F7-4086-AE53-AD7EFC12EFB2}"
EndProject
Project("{9A19103F-16F7-4668-BE54-9A1E7A4F7556}") = "DTI.KTArquiteturasShopClean.Core.Application", "clean\core\application\DTI.KTArquiteturasShopClean.Core.Application\DTI.KTArquiteturasShopClean.Core.Application.csproj", "{C8F41DD5-A377-40DE-8987-FF3DA5F36C11}"
EndProject
Project("{9A19103F-16F7-4668-BE54-9A1E7A4F7556}") = "DTI.KTArquiteturasShopClean.Core.Infra.Out.Data", "clean\core\Infrastructure\DTI.KTArquiteturasShopClean.Core.Infra.Out.Data\DTI.KTArquiteturasShopClean.Core.Infra.Out.Data.csproj", "{B07526AB-A581-42D5-98FC-2078766DD4B8}"
EndProject
Project("{9A19103F-16F7-4668-BE54-9A1E7A4F7556}") = "DTI.KTArquiteturasShopClean.BackOfficeService.Domain", "clean\backOfficeService\DTI.KTArquiteturasShopClean.BackOfficeService.Domain\DTI.KTArquiteturasShopClean.BackOfficeService.Domain.csproj", "{EEA52F63-3892-48AC-87B7-434B69B26014}"
EndProject
Project("{9A19103F-16F7-4668-BE54-9A1E7A4F7556}") = "DTI.KTArquiteturasShopClean.BackOfficeService.Application", "clean\backOfficeService\DTI.KTArquiteturasShopClean.BackOfficeService.Application\DTI.KTArquiteturasShopClean.BackOfficeService.Application.csproj", "{EF3FC666-F007-4946-998D-867F06828A34}"
EndProject
Project("{2150E333-8FDC-42A3-9474-1A3956D46DE8}") = "3.1 - In", "3.1 - In", "{70FA7C5B-2FA6-4C45-8C24-CC4D3D979530}"
EndProject
Project("{2150E333-8FDC-42A3-9474-1A3956D46DE8}") = "3.2 - Out", "3.2 - Out", "{5E3EF6B2-2F0C-4309-98AC-8D92CAB14038}"
EndProject
Project("{2150E333-8FDC-42A3-9474-1A3956D46DE8}") = "3.0 - IoC", "3.0 - IoC", "{1ECBEDDA-06DA-4BD1-A5C3-CE00FAFC239B}"
EndProject
Project("{9A19103F-16F7-4668-BE54-9A1E7A4F7556}") = "DTI.KTArquiteturasShopClean.BackOfficeService.Infra.Out.SqlAccessData", "clean\backOfficeService\DTI.KTArquiteturasShopClean.BackOfficeService.Infra.Out.AccessData\DTI.KTArquiteturasShopClean.BackOfficeService.Infra.Out.SqlAccessData.csproj", "{FBF3498F-9CC3-4259-9B2E-9CED29F1388F}"
EndProject
Global
	GlobalSection(SolutionConfigurationPlatforms) = preSolution
		Debug|Any CPU = Debug|Any CPU
		Release|Any CPU = Release|Any CPU
	EndGlobalSection
	GlobalSection(ProjectConfigurationPlatforms) = postSolution
		{328C8340-062B-484A-A99D-4EA1DD5D3E90}.Debug|Any CPU.ActiveCfg = Debug|Any CPU
		{328C8340-062B-484A-A99D-4EA1DD5D3E90}.Debug|Any CPU.Build.0 = Debug|Any CPU
		{328C8340-062B-484A-A99D-4EA1DD5D3E90}.Release|Any CPU.ActiveCfg = Release|Any CPU
		{328C8340-062B-484A-A99D-4EA1DD5D3E90}.Release|Any CPU.Build.0 = Release|Any CPU
		{46E625E8-7653-481F-97AA-A2016AF8085E}.Debug|Any CPU.ActiveCfg = Debug|Any CPU
		{46E625E8-7653-481F-97AA-A2016AF8085E}.Debug|Any CPU.Build.0 = Debug|Any CPU
		{46E625E8-7653-481F-97AA-A2016AF8085E}.Release|Any CPU.ActiveCfg = Release|Any CPU
		{46E625E8-7653-481F-97AA-A2016AF8085E}.Release|Any CPU.Build.0 = Release|Any CPU
		{3E886E39-BB2B-4725-A9E4-055FC996F733}.Debug|Any CPU.ActiveCfg = Debug|Any CPU
		{3E886E39-BB2B-4725-A9E4-055FC996F733}.Debug|Any CPU.Build.0 = Debug|Any CPU
		{3E886E39-BB2B-4725-A9E4-055FC996F733}.Release|Any CPU.ActiveCfg = Release|Any CPU
		{3E886E39-BB2B-4725-A9E4-055FC996F733}.Release|Any CPU.Build.0 = Release|Any CPU
		{8CC5F333-4B27-48BC-9C5C-A1B18113379A}.Debug|Any CPU.ActiveCfg = Debug|Any CPU
		{8CC5F333-4B27-48BC-9C5C-A1B18113379A}.Debug|Any CPU.Build.0 = Debug|Any CPU
		{8CC5F333-4B27-48BC-9C5C-A1B18113379A}.Release|Any CPU.ActiveCfg = Release|Any CPU
		{8CC5F333-4B27-48BC-9C5C-A1B18113379A}.Release|Any CPU.Build.0 = Release|Any CPU
		{044B38A7-243E-4C54-A78B-9A4148E29EA1}.Debug|Any CPU.ActiveCfg = Debug|Any CPU
		{044B38A7-243E-4C54-A78B-9A4148E29EA1}.Debug|Any CPU.Build.0 = Debug|Any CPU
		{044B38A7-243E-4C54-A78B-9A4148E29EA1}.Release|Any CPU.ActiveCfg = Release|Any CPU
		{044B38A7-243E-4C54-A78B-9A4148E29EA1}.Release|Any CPU.Build.0 = Release|Any CPU
		{0AF97C6A-DCF5-489E-A440-C7E42AD802A9}.Debug|Any CPU.ActiveCfg = Debug|Any CPU
		{0AF97C6A-DCF5-489E-A440-C7E42AD802A9}.Debug|Any CPU.Build.0 = Debug|Any CPU
		{0AF97C6A-DCF5-489E-A440-C7E42AD802A9}.Release|Any CPU.ActiveCfg = Release|Any CPU
		{0AF97C6A-DCF5-489E-A440-C7E42AD802A9}.Release|Any CPU.Build.0 = Release|Any CPU
		{040EE57F-32F7-4086-AE53-AD7EFC12EFB2}.Debug|Any CPU.ActiveCfg = Debug|Any CPU
		{040EE57F-32F7-4086-AE53-AD7EFC12EFB2}.Debug|Any CPU.Build.0 = Debug|Any CPU
		{040EE57F-32F7-4086-AE53-AD7EFC12EFB2}.Release|Any CPU.ActiveCfg = Release|Any CPU
		{040EE57F-32F7-4086-AE53-AD7EFC12EFB2}.Release|Any CPU.Build.0 = Release|Any CPU
		{C8F41DD5-A377-40DE-8987-FF3DA5F36C11}.Debug|Any CPU.ActiveCfg = Debug|Any CPU
		{C8F41DD5-A377-40DE-8987-FF3DA5F36C11}.Debug|Any CPU.Build.0 = Debug|Any CPU
		{C8F41DD5-A377-40DE-8987-FF3DA5F36C11}.Release|Any CPU.ActiveCfg = Release|Any CPU
		{C8F41DD5-A377-40DE-8987-FF3DA5F36C11}.Release|Any CPU.Build.0 = Release|Any CPU
		{B07526AB-A581-42D5-98FC-2078766DD4B8}.Debug|Any CPU.ActiveCfg = Debug|Any CPU
		{B07526AB-A581-42D5-98FC-2078766DD4B8}.Debug|Any CPU.Build.0 = Debug|Any CPU
		{B07526AB-A581-42D5-98FC-2078766DD4B8}.Release|Any CPU.ActiveCfg = Release|Any CPU
		{B07526AB-A581-42D5-98FC-2078766DD4B8}.Release|Any CPU.Build.0 = Release|Any CPU
		{EEA52F63-3892-48AC-87B7-434B69B26014}.Debug|Any CPU.ActiveCfg = Debug|Any CPU
		{EEA52F63-3892-48AC-87B7-434B69B26014}.Debug|Any CPU.Build.0 = Debug|Any CPU
		{EEA52F63-3892-48AC-87B7-434B69B26014}.Release|Any CPU.ActiveCfg = Release|Any CPU
		{EEA52F63-3892-48AC-87B7-434B69B26014}.Release|Any CPU.Build.0 = Release|Any CPU
		{EF3FC666-F007-4946-998D-867F06828A34}.Debug|Any CPU.ActiveCfg = Debug|Any CPU
		{EF3FC666-F007-4946-998D-867F06828A34}.Debug|Any CPU.Build.0 = Debug|Any CPU
		{EF3FC666-F007-4946-998D-867F06828A34}.Release|Any CPU.ActiveCfg = Release|Any CPU
		{EF3FC666-F007-4946-998D-867F06828A34}.Release|Any CPU.Build.0 = Release|Any CPU
		{FBF3498F-9CC3-4259-9B2E-9CED29F1388F}.Debug|Any CPU.ActiveCfg = Debug|Any CPU
		{FBF3498F-9CC3-4259-9B2E-9CED29F1388F}.Debug|Any CPU.Build.0 = Debug|Any CPU
		{FBF3498F-9CC3-4259-9B2E-9CED29F1388F}.Release|Any CPU.ActiveCfg = Release|Any CPU
		{FBF3498F-9CC3-4259-9B2E-9CED29F1388F}.Release|Any CPU.Build.0 = Release|Any CPU
	EndGlobalSection
	GlobalSection(SolutionProperties) = preSolution
		HideSolutionNode = FALSE
	EndGlobalSection
	GlobalSection(NestedProjects) = preSolution
		{FF792682-E37B-4BAB-A9E0-211F69B67A5F} = {50CEFCBE-1961-4352-9B5C-7108597FD19D}
		{3C12DEFC-FC8C-4F51-AFC7-13A329B1C511} = {50CEFCBE-1961-4352-9B5C-7108597FD19D}
		{C6EEB70F-A5F7-44A7-9523-478F248CC610} = {3C12DEFC-FC8C-4F51-AFC7-13A329B1C511}
		{39C2CD6B-87F5-4408-B2F1-B843B1FD535B} = {3C12DEFC-FC8C-4F51-AFC7-13A329B1C511}
		{C74B4E6C-45D8-49F6-A764-650B1977948C} = {3C12DEFC-FC8C-4F51-AFC7-13A329B1C511}
		{328C8340-062B-484A-A99D-4EA1DD5D3E90} = {C6EEB70F-A5F7-44A7-9523-478F248CC610}
		{46E625E8-7653-481F-97AA-A2016AF8085E} = {C74B4E6C-45D8-49F6-A764-650B1977948C}
		{3E886E39-BB2B-4725-A9E4-055FC996F733} = {39C2CD6B-87F5-4408-B2F1-B843B1FD535B}
		{8CC5F333-4B27-48BC-9C5C-A1B18113379A} = {FF792682-E37B-4BAB-A9E0-211F69B67A5F}
		{044B38A7-243E-4C54-A78B-9A4148E29EA1} = {39C2CD6B-87F5-4408-B2F1-B843B1FD535B}
		{0AF97C6A-DCF5-489E-A440-C7E42AD802A9} = {C6EEB70F-A5F7-44A7-9523-478F248CC610}
		{CA5E76DD-57A6-46B2-93C4-4EC770FF3556} = {79E462CC-8F1C-440C-8FF0-A3FF951B8C53}
		{F7F57793-9794-47F1-BD47-A9890C39505D} = {79E462CC-8F1C-440C-8FF0-A3FF951B8C53}
		{33428B46-361B-4E51-ACAB-B22393ED3254} = {CA5E76DD-57A6-46B2-93C4-4EC770FF3556}
		{55A1562A-5430-4C51-9F6F-45B88B79D747} = {CA5E76DD-57A6-46B2-93C4-4EC770FF3556}
		{566BBE30-9FFB-412B-A789-BFB47D26A9D2} = {CA5E76DD-57A6-46B2-93C4-4EC770FF3556}
		{2C3B8AB5-04A6-44EB-BCCC-FA00D42078CC} = {566BBE30-9FFB-412B-A789-BFB47D26A9D2}
		{46BBF91D-B6C9-4AF1-9295-B713C9DDF3E6} = {566BBE30-9FFB-412B-A789-BFB47D26A9D2}
		{FEEBACA8-FB60-489B-A7EE-A7309D3F40CB} = {566BBE30-9FFB-412B-A789-BFB47D26A9D2}
		{07A1FF72-314B-464D-B11F-5859856D3783} = {F7F57793-9794-47F1-BD47-A9890C39505D}
		{012A22D9-28F3-4478-B56D-9E070E039A39} = {F7F57793-9794-47F1-BD47-A9890C39505D}
		{15650731-ACEF-4C7C-94F3-0CEC3D786035} = {F7F57793-9794-47F1-BD47-A9890C39505D}
		{31665E8F-EA7F-4EE3-9830-CA9472EE5348} = {79E462CC-8F1C-440C-8FF0-A3FF951B8C53}
		{9C84045D-D5DB-4C56-BCFF-DE5E5A3E47B4} = {31665E8F-EA7F-4EE3-9830-CA9472EE5348}
		{4B7175AD-53CF-4031-9B32-08A6194AFBBE} = {31665E8F-EA7F-4EE3-9830-CA9472EE5348}
		{1CFF7C06-B0F6-44F2-A8BF-58AD1C5AC2D1} = {31665E8F-EA7F-4EE3-9830-CA9472EE5348}
		{040EE57F-32F7-4086-AE53-AD7EFC12EFB2} = {33428B46-361B-4E51-ACAB-B22393ED3254}
		{C8F41DD5-A377-40DE-8987-FF3DA5F36C11} = {55A1562A-5430-4C51-9F6F-45B88B79D747}
		{B07526AB-A581-42D5-98FC-2078766DD4B8} = {46BBF91D-B6C9-4AF1-9295-B713C9DDF3E6}
		{EEA52F63-3892-48AC-87B7-434B69B26014} = {07A1FF72-314B-464D-B11F-5859856D3783}
		{EF3FC666-F007-4946-998D-867F06828A34} = {012A22D9-28F3-4478-B56D-9E070E039A39}
		{70FA7C5B-2FA6-4C45-8C24-CC4D3D979530} = {15650731-ACEF-4C7C-94F3-0CEC3D786035}
		{5E3EF6B2-2F0C-4309-98AC-8D92CAB14038} = {15650731-ACEF-4C7C-94F3-0CEC3D786035}
		{1ECBEDDA-06DA-4BD1-A5C3-CE00FAFC239B} = {15650731-ACEF-4C7C-94F3-0CEC3D786035}
		{FBF3498F-9CC3-4259-9B2E-9CED29F1388F} = {5E3EF6B2-2F0C-4309-98AC-8D92CAB14038}
	EndGlobalSection
	GlobalSection(ExtensibilityGlobals) = postSolution
		SolutionGuid = {200C9EF6-B7A9-4D5A-B528-F0968D8D07F0}
	EndGlobalSection
EndGlobal
